
Microsoft Visual Studio Solution File, Format Version 12.00
# Visual Studio Version 17
VisualStudioVersion = 17.14.36301.6 d17.14
MinimumVisualStudioVersion = 10.0.40219.1
Project("{54A90642-561A-4BB1-A94E-469ADEE60C69}") = "castcustomreceiver.client", "castcustomreceiver.client\castcustomreceiver.client.esproj", "{6295C1ED-BDDD-8E8B-692B-A2AFC87CC2F2}"
EndProject
Project("{FAE04EC0-301F-11D3-BF4B-00C04F79EFBC}") = "CastCustomReceiver.Server", "CastCustomReceiver.Server\CastCustomReceiver.Server.csproj", "{401B139D-0EAA-496B-BAD9-C4C2981A676B}"
EndProject
Global
	GlobalSection(SolutionConfigurationPlatforms) = preSolution
		Debug|Any CPU = Debug|Any CPU
		Release|Any CPU = Release|Any CPU
	EndGlobalSection
	GlobalSection(ProjectConfigurationPlatforms) = postSolution
		{6295C1ED-BDDD-8E8B-692B-A2AFC87CC2F2}.Debug|Any CPU.ActiveCfg = Debug|Any CPU
		{6295C1ED-BDDD-8E8B-692B-A2AFC87CC2F2}.Debug|Any CPU.Build.0 = Debug|Any CPU
		{6295C1ED-BDDD-8E8B-692B-A2AFC87CC2F2}.Debug|Any CPU.Deploy.0 = Debug|Any CPU
		{6295C1ED-BDDD-8E8B-692B-A2AFC87CC2F2}.Release|Any CPU.ActiveCfg = Release|Any CPU
		{6295C1ED-BDDD-8E8B-692B-A2AFC87CC2F2}.Release|Any CPU.Build.0 = Release|Any CPU
		{6295C1ED-BDDD-8E8B-692B-A2AFC87CC2F2}.Release|Any CPU.Deploy.0 = Release|Any CPU
		{401B139D-0EAA-496B-BAD9-C4C2981A676B}.Debug|Any CPU.ActiveCfg = Debug|Any CPU
		{401B139D-0EAA-496B-BAD9-C4C2981A676B}.Debug|Any CPU.Build.0 = Debug|Any CPU
		{401B139D-0EAA-496B-BAD9-C4C2981A676B}.Release|Any CPU.ActiveCfg = Release|Any CPU
		{401B139D-0EAA-496B-BAD9-C4C2981A676B}.Release|Any CPU.Build.0 = Release|Any CPU
	EndGlobalSection
	GlobalSection(SolutionProperties) = preSolution
		HideSolutionNode = FALSE
	EndGlobalSection
	GlobalSection(ExtensibilityGlobals) = postSolution
		SolutionGuid = {E4CCC895-02A6-4488-B96F-798969460274}
	EndGlobalSection
EndGlobal
